Microsoft Visual Studio Solution File, Format Version 12.00
Project("{2150E333-8FDC-42A3-9474-1A3956D46DE8}") = "Solution Items", "Solution Items", "{EEEEEEEE-EEEE-EEEE-EEEE-EEEEEEEEEEEE}"
	ProjectSection(SolutionItems) = preProject
		.gitignore = .gitignore
		README.md = README.md
		build\appsettings.json = build\appsettings.json
	EndProjectSection
EndProject
Project("{2150E333-8FDC-42A3-9474-1A3956D46DE8}") = "Automation", "Automation", "{FFFFFFFF-FFFF-FFFF-FFFF-FFFFFFFFFFFF}"
EndProject
Project("{9A19103F-16F7-4668-BE54-9A1E7A4F7556}") = "Build", "build\Build.csproj", "{6C9288BA-A6A8-49DD-858A-2AA547311629}"
EndProject
Project("{9A19103F-16F7-4668-BE54-9A1E7A4F7556}") = "Installer", "build\install\Installer.csproj", "{FBA9C274-55AD-46A0-9524-3962FE1E55A1}"
EndProject
Project("{2150E333-8FDC-42A3-9474-1A3956D46DE8}") = "src", "src", "{B8EFCA5F-814F-285C-A8CB-F00F14650265}"
EndProject
Project("{FAE04EC0-301F-11D3-BF4B-00C04F79EFBC}") = "RevitModelMcp", "src\RevitModelMcp.Addin\RevitModelMcp.Addin.csproj", "{3577BD3C-A32F-4985-99B5-FD7BBC07516B}"
EndProject
Project("{FAE04EC0-301F-11D3-BF4B-00C04F79EFBC}") = "RevitModelMcp.Core", "src\RevitModelMcp.Core\RevitModelMcp.Core.csproj", "{BC4D1260-3AEF-436A-A447-252FF9BCF4D4}"
EndProject
Project("{2150E333-8FDC-42A3-9474-1A3956D46DE8}") = "tests", "tests", "{0AB3BF05-4346-4AA6-1389-037BE0695223}"
EndProject
Project("{FAE04EC0-301F-11D3-BF4B-00C04F79EFBC}") = "RevitModelMcp.Core.Tests", "tests\RevitModelMcp.Core.Tests\RevitModelMcp.Core.Tests.csproj", "{B32A911A-DA39-47E4-91D1-AE32A3890530}"
EndProject
Global
	GlobalSection(SolutionConfigurationPlatforms) = preSolution
		Debug.R20|Any CPU = Debug.R20|Any CPU
		Debug.R22|Any CPU = Debug.R22|Any CPU
		Debug.R23|Any CPU = Debug.R23|Any CPU
		Debug.R24|Any CPU = Debug.R24|Any CPU
		Debug.R25|Any CPU = Debug.R25|Any CPU
		Debug.R26|Any CPU = Debug.R26|Any CPU
		Debug.R27|Any CPU = Debug.R27|Any CPU
		Release.R20|Any CPU = Release.R20|Any CPU
		Release.R22|Any CPU = Release.R22|Any CPU
		Release.R23|Any CPU = Release.R23|Any CPU
		Release.R24|Any CPU = Release.R24|Any CPU
		Release.R25|Any CPU = Release.R25|Any CPU
		Release.R26|Any CPU = Release.R26|Any CPU
		Release.R27|Any CPU = Release.R27|Any CPU
	EndGlobalSection
	GlobalSection(ProjectConfigurationPlatforms) = postSolution
		{6C9288BA-A6A8-49DD-858A-2AA547311629}.Debug.R20|Any CPU.ActiveCfg = Debug|Any CPU
		{6C9288BA-A6A8-49DD-858A-2AA547311629}.Debug.R22|Any CPU.ActiveCfg = Debug|Any CPU
		{6C9288BA-A6A8-49DD-858A-2AA547311629}.Debug.R23|Any CPU.ActiveCfg = Debug|Any CPU
		{6C9288BA-A6A8-49DD-858A-2AA547311629}.Debug.R24|Any CPU.ActiveCfg = Debug|Any CPU
		{6C9288BA-A6A8-49DD-858A-2AA547311629}.Debug.R25|Any CPU.ActiveCfg = Debug|Any CPU
		{6C9288BA-A6A8-49DD-858A-2AA547311629}.Debug.R26|Any CPU.ActiveCfg = Debug|Any CPU
		{6C9288BA-A6A8-49DD-858A-2AA547311629}.Debug.R27|Any CPU.ActiveCfg = Debug|Any CPU
		{6C9288BA-A6A8-49DD-858A-2AA547311629}.Release.R20|Any CPU.ActiveCfg = Release|Any CPU
		{6C9288BA-A6A8-49DD-858A-2AA547311629}.Release.R22|Any CPU.ActiveCfg = Release|Any CPU
		{6C9288BA-A6A8-49DD-858A-2AA547311629}.Release.R23|Any CPU.ActiveCfg = Release|Any CPU
		{6C9288BA-A6A8-49DD-858A-2AA547311629}.Release.R24|Any CPU.ActiveCfg = Release|Any CPU
		{6C9288BA-A6A8-49DD-858A-2AA547311629}.Release.R25|Any CPU.ActiveCfg = Release|Any CPU
		{6C9288BA-A6A8-49DD-858A-2AA547311629}.Release.R26|Any CPU.ActiveCfg = Release|Any CPU
		{6C9288BA-A6A8-49DD-858A-2AA547311629}.Release.R27|Any CPU.ActiveCfg = Release|Any CPU
		{FBA9C274-55AD-46A0-9524-3962FE1E55A1}.Debug.R20|Any CPU.ActiveCfg = Debug|Any CPU
		{FBA9C274-55AD-46A0-9524-3962FE1E55A1}.Debug.R22|Any CPU.ActiveCfg = Debug|Any CPU
		{FBA9C274-55AD-46A0-9524-3962FE1E55A1}.Debug.R23|Any CPU.ActiveCfg = Debug|Any CPU
		{FBA9C274-55AD-46A0-9524-3962FE1E55A1}.Debug.R24|Any CPU.ActiveCfg = Debug|Any CPU
		{FBA9C274-55AD-46A0-9524-3962FE1E55A1}.Debug.R25|Any CPU.ActiveCfg = Debug|Any CPU
		{FBA9C274-55AD-46A0-9524-3962FE1E55A1}.Debug.R26|Any CPU.ActiveCfg = Debug|Any CPU
		{FBA9C274-55AD-46A0-9524-3962FE1E55A1}.Debug.R27|Any CPU.ActiveCfg = Debug|Any CPU
		{FBA9C274-55AD-46A0-9524-3962FE1E55A1}.Release.R20|Any CPU.ActiveCfg = Release|Any CPU
		{FBA9C274-55AD-46A0-9524-3962FE1E55A1}.Release.R22|Any CPU.ActiveCfg = Release|Any CPU
		{FBA9C274-55AD-46A0-9524-3962FE1E55A1}.Release.R23|Any CPU.ActiveCfg = Release|Any CPU
		{FBA9C274-55AD-46A0-9524-3962FE1E55A1}.Release.R24|Any CPU.ActiveCfg = Release|Any CPU
		{FBA9C274-55AD-46A0-9524-3962FE1E55A1}.Release.R25|Any CPU.ActiveCfg = Release|Any CPU
		{FBA9C274-55AD-46A0-9524-3962FE1E55A1}.Release.R26|Any CPU.ActiveCfg = Release|Any CPU
		{FBA9C274-55AD-46A0-9524-3962FE1E55A1}.Release.R27|Any CPU.ActiveCfg = Release|Any CPU
		{B32A911A-DA39-47E4-91D1-AE32A3890530}.Debug.R20|Any CPU.ActiveCfg = Debug|Any CPU
		{B32A911A-DA39-47E4-91D1-AE32A3890530}.Debug.R22|Any CPU.ActiveCfg = Debug|Any CPU
		{B32A911A-DA39-47E4-91D1-AE32A3890530}.Debug.R23|Any CPU.ActiveCfg = Debug|Any CPU
		{B32A911A-DA39-47E4-91D1-AE32A3890530}.Debug.R24|Any CPU.ActiveCfg = Debug|Any CPU
		{B32A911A-DA39-47E4-91D1-AE32A3890530}.Debug.R25|Any CPU.ActiveCfg = Debug|Any CPU
		{B32A911A-DA39-47E4-91D1-AE32A3890530}.Debug.R26|Any CPU.ActiveCfg = Debug|Any CPU
		{B32A911A-DA39-47E4-91D1-AE32A3890530}.Debug.R27|Any CPU.ActiveCfg = Debug|Any CPU
		{B32A911A-DA39-47E4-91D1-AE32A3890530}.Release.R20|Any CPU.ActiveCfg = Release|Any CPU
		{B32A911A-DA39-47E4-91D1-AE32A3890530}.Release.R22|Any CPU.ActiveCfg = Release|Any CPU
		{B32A911A-DA39-47E4-91D1-AE32A3890530}.Release.R23|Any CPU.ActiveCfg = Release|Any CPU
		{B32A911A-DA39-47E4-91D1-AE32A3890530}.Release.R24|Any CPU.ActiveCfg = Release|Any CPU
		{B32A911A-DA39-47E4-91D1-AE32A3890530}.Release.R25|Any CPU.ActiveCfg = Release|Any CPU
		{B32A911A-DA39-47E4-91D1-AE32A3890530}.Release.R26|Any CPU.ActiveCfg = Release|Any CPU
		{B32A911A-DA39-47E4-91D1-AE32A3890530}.Release.R27|Any CPU.ActiveCfg = Release|Any CPU
		{3577BD3C-A32F-4985-99B5-FD7BBC07516B}.Debug.R20|Any CPU.ActiveCfg = Debug.R20|Any CPU
		{3577BD3C-A32F-4985-99B5-FD7BBC07516B}.Debug.R20|Any CPU.Build.0 = Debug.R20|Any CPU
		{3577BD3C-A32F-4985-99B5-FD7BBC07516B}.Debug.R22|Any CPU.ActiveCfg = Debug.R22|Any CPU
		{3577BD3C-A32F-4985-99B5-FD7BBC07516B}.Debug.R22|Any CPU.Build.0 = Debug.R22|Any CPU
		{3577BD3C-A32F-4985-99B5-FD7BBC07516B}.Debug.R23|Any CPU.ActiveCfg = Debug.R23|Any CPU
		{3577BD3C-A32F-4985-99B5-FD7BBC07516B}.Debug.R23|Any CPU.Build.0 = Debug.R23|Any CPU
		{3577BD3C-A32F-4985-99B5-FD7BBC07516B}.Debug.R24|Any CPU.ActiveCfg = Debug.R24|Any CPU
		{3577BD3C-A32F-4985-99B5-FD7BBC07516B}.Debug.R24|Any CPU.Build.0 = Debug.R24|Any CPU
		{3577BD3C-A32F-4985-99B5-FD7BBC07516B}.Debug.R25|Any CPU.ActiveCfg = Debug.R25|Any CPU
		{3577BD3C-A32F-4985-99B5-FD7BBC07516B}.Debug.R25|Any CPU.Build.0 = Debug.R25|Any CPU
		{3577BD3C-A32F-4985-99B5-FD7BBC07516B}.Debug.R26|Any CPU.ActiveCfg = Debug.R26|Any CPU
		{3577BD3C-A32F-4985-99B5-FD7BBC07516B}.Debug.R26|Any CPU.Build.0 = Debug.R26|Any CPU
		{3577BD3C-A32F-4985-99B5-FD7BBC07516B}.Debug.R27|Any CPU.ActiveCfg = Debug.R27|Any CPU
		{3577BD3C-A32F-4985-99B5-FD7BBC07516B}.Debug.R27|Any CPU.Build.0 = Debug.R27|Any CPU
		{3577BD3C-A32F-4985-99B5-FD7BBC07516B}.Release.R20|Any CPU.ActiveCfg = Release.R20|Any CPU
		{3577BD3C-A32F-4985-99B5-FD7BBC07516B}.Release.R20|Any CPU.Build.0 = Release.R20|Any CPU
		{3577BD3C-A32F-4985-99B5-FD7BBC07516B}.Release.R22|Any CPU.ActiveCfg = Release.R22|Any CPU
		{3577BD3C-A32F-4985-99B5-FD7BBC07516B}.Release.R22|Any CPU.Build.0 = Release.R22|Any CPU
		{3577BD3C-A32F-4985-99B5-FD7BBC07516B}.Release.R23|Any CPU.ActiveCfg = Release.R23|Any CPU
		{3577BD3C-A32F-4985-99B5-FD7BBC07516B}.Release.R23|Any CPU.Build.0 = Release.R23|Any CPU
		{3577BD3C-A32F-4985-99B5-FD7BBC07516B}.Release.R24|Any CPU.ActiveCfg = Release.R24|Any CPU
		{3577BD3C-A32F-4985-99B5-FD7BBC07516B}.Release.R24|Any CPU.Build.0 = Release.R24|Any CPU
		{3577BD3C-A32F-4985-99B5-FD7BBC07516B}.Release.R25|Any CPU.ActiveCfg = Release.R25|Any CPU
		{3577BD3C-A32F-4985-99B5-FD7BBC07516B}.Release.R25|Any CPU.Build.0 = Release.R25|Any CPU
		{3577BD3C-A32F-4985-99B5-FD7BBC07516B}.Release.R26|Any CPU.ActiveCfg = Release.R26|Any CPU
		{3577BD3C-A32F-4985-99B5-FD7BBC07516B}.Release.R26|Any CPU.Build.0 = Release.R26|Any CPU
		{3577BD3C-A32F-4985-99B5-FD7BBC07516B}.Release.R27|Any CPU.ActiveCfg = Release.R27|Any CPU
		{3577BD3C-A32F-4985-99B5-FD7BBC07516B}.Release.R27|Any CPU.Build.0 = Release.R27|Any CPU
		{BC4D1260-3AEF-436A-A447-252FF9BCF4D4}.Debug.R20|Any CPU.ActiveCfg = Debug.R20|Any CPU
		{BC4D1260-3AEF-436A-A447-252FF9BCF4D4}.Debug.R20|Any CPU.Build.0 = Debug.R20|Any CPU
		{BC4D1260-3AEF-436A-A447-252FF9BCF4D4}.Debug.R22|Any CPU.ActiveCfg = Debug.R22|Any CPU
		{BC4D1260-3AEF-436A-A447-252FF9BCF4D4}.Debug.R22|Any CPU.Build.0 = Debug.R22|Any CPU
		{BC4D1260-3AEF-436A-A447-252FF9BCF4D4}.Debug.R23|Any CPU.ActiveCfg = Debug.R23|Any CPU
		{BC4D1260-3AEF-436A-A447-252FF9BCF4D4}.Debug.R23|Any CPU.Build.0 = Debug.R23|Any CPU
		{BC4D1260-3AEF-436A-A447-252FF9BCF4D4}.Debug.R24|Any CPU.ActiveCfg = Debug.R24|Any CPU
		{BC4D1260-3AEF-436A-A447-252FF9BCF4D4}.Debug.R24|Any CPU.Build.0 = Debug.R24|Any CPU
		{BC4D1260-3AEF-436A-A447-252FF9BCF4D4}.Debug.R25|Any CPU.ActiveCfg = Debug.R25|Any CPU
		{BC4D1260-3AEF-436A-A447-252FF9BCF4D4}.Debug.R25|Any CPU.Build.0 = Debug.R25|Any CPU
		{BC4D1260-3AEF-436A-A447-252FF9BCF4D4}.Debug.R26|Any CPU.ActiveCfg = Debug.R26|Any CPU
		{BC4D1260-3AEF-436A-A447-252FF9BCF4D4}.Debug.R26|Any CPU.Build.0 = Debug.R26|Any CPU
		{BC4D1260-3AEF-436A-A447-252FF9BCF4D4}.Debug.R27|Any CPU.ActiveCfg = Debug.R27|Any CPU
		{BC4D1260-3AEF-436A-A447-252FF9BCF4D4}.Debug.R27|Any CPU.Build.0 = Debug.R27|Any CPU
		{BC4D1260-3AEF-436A-A447-252FF9BCF4D4}.Release.R20|Any CPU.ActiveCfg = Release.R20|Any CPU
		{BC4D1260-3AEF-436A-A447-252FF9BCF4D4}.Release.R20|Any CPU.Build.0 = Release.R20|Any CPU
		{BC4D1260-3AEF-436A-A447-252FF9BCF4D4}.Release.R22|Any CPU.ActiveCfg = Release.R22|Any CPU
		{BC4D1260-3AEF-436A-A447-252FF9BCF4D4}.Release.R22|Any CPU.Build.0 = Release.R22|Any CPU
		{BC4D1260-3AEF-436A-A447-252FF9BCF4D4}.Release.R23|Any CPU.ActiveCfg = Release.R23|Any CPU
		{BC4D1260-3AEF-436A-A447-252FF9BCF4D4}.Release.R23|Any CPU.Build.0 = Release.R23|Any CPU
		{BC4D1260-3AEF-436A-A447-252FF9BCF4D4}.Release.R24|Any CPU.ActiveCfg = Release.R24|Any CPU
		{BC4D1260-3AEF-436A-A447-252FF9BCF4D4}.Release.R24|Any CPU.Build.0 = Release.R24|Any CPU
		{BC4D1260-3AEF-436A-A447-252FF9BCF4D4}.Release.R25|Any CPU.ActiveCfg = Release.R25|Any CPU
		{BC4D1260-3AEF-436A-A447-252FF9BCF4D4}.Release.R25|Any CPU.Build.0 = Release.R25|Any CPU
		{BC4D1260-3AEF-436A-A447-252FF9BCF4D4}.Release.R26|Any CPU.ActiveCfg = Release.R26|Any CPU
		{BC4D1260-3AEF-436A-A447-252FF9BCF4D4}.Release.R26|Any CPU.Build.0 = Release.R26|Any CPU
		{BC4D1260-3AEF-436A-A447-252FF9BCF4D4}.Release.R27|Any CPU.ActiveCfg = Release.R27|Any CPU
		{BC4D1260-3AEF-436A-A447-252FF9BCF4D4}.Release.R27|Any CPU.Build.0 = Release.R27|Any CPU
	EndGlobalSection
	GlobalSection(NestedProjects) = preSolution
		{6C9288BA-A6A8-49DD-858A-2AA547311629} = {FFFFFFFF-FFFF-FFFF-FFFF-FFFFFFFFFFFF}
		{FBA9C274-55AD-46A0-9524-3962FE1E55A1} = {FFFFFFFF-FFFF-FFFF-FFFF-FFFFFFFFFFFF}
		{3577BD3C-A32F-4985-99B5-FD7BBC07516B} = {B8EFCA5F-814F-285C-A8CB-F00F14650265}
		{BC4D1260-3AEF-436A-A447-252FF9BCF4D4} = {B8EFCA5F-814F-285C-A8CB-F00F14650265}
		{B32A911A-DA39-47E4-91D1-AE32A3890530} = {0AB3BF05-4346-4AA6-1389-037BE0695223}
	EndGlobalSection
EndGlobal
